{
  "version": 4,
  "terraform_version": "1.2.5",
  "serial": 69,
  "lineage": "3753b5d8-7768-119e-e756-e63a089be310",
  "outputs": {
    "firstentry": {
      "value": "DefaultSysAdmin",
      "type": "string"
    },
    "secondentry": {
      "value": "DefaultSchema",
      "type": "string"
    }
  },
  "resources": [
    {
      "mode": "data",
      "type": "aws_security_group",
      "name": "a",
      "provider": "provider[\"registry.terraform.io/hashicorp/aws\"]",
      "instances": [
        {
          "schema_version": 0,
          "attributes": {
            "arn": "arn:aws:ec2:ca-central-1:675958891276:security-group/sg-09338fb7b598bd9a8",
            "description": "shared-network Dev Mgmt Security Group",
            "filter": [
              {
                "name": "tag:Name",
                "values": [
                  "Data_sg"
                ]
              }
            ],
            "id": "sg-09338fb7b598bd9a8",
            "name": "Data_sg",
            "tags": {
              "Accel-P": "PBMM",
              "Accelerator": "PBMM",
              "AcceleratorName": "PBMM",
              "Name": "Data_sg"
            },
            "timeouts": null,
            "vpc_id": "vpc-018906cab60cf165b"
          },
          "sensitive_attributes": []
        }
      ]
    },
    {
      "mode": "data",
      "type": "aws_subnet",
      "name": "a",
      "provider": "provider[\"registry.terraform.io/hashicorp/aws\"]",
      "instances": [
        {
          "schema_version": 0,
          "attributes": {
            "arn": "arn:aws:ec2:ca-central-1:415928670738:subnet/subnet-0a663db91e3d61619",
            "assign_ipv6_address_on_creation": false,
            "availability_zone": "ca-central-1a",
            "availability_zone_id": "cac1-az1",
            "available_ip_address_count": 4079,
            "cidr_block": "10.12.48.0/20",
            "customer_owned_ipv4_pool": "",
            "default_for_az": false,
            "enable_dns64": false,
            "enable_resource_name_dns_a_record_on_launch": false,
            "enable_resource_name_dns_aaaa_record_on_launch": false,
            "filter": [
              {
                "name": "tag:Name",
                "values": [
                  "Data_Dev_aza_net"
                ]
              }
            ],
            "id": "subnet-0a663db91e3d61619",
            "ipv6_cidr_block": "",
            "ipv6_cidr_block_association_id": "",
            "ipv6_native": false,
            "map_customer_owned_ip_on_launch": false,
            "map_public_ip_on_launch": false,
            "outpost_arn": "",
            "owner_id": "415928670738",
            "private_dns_hostname_type_on_launch": "ip-name",
            "state": "available",
            "tags": {
              "Accelerator": "PBMM",
              "Name": "Data_Dev_aza_net"
            },
            "timeouts": null,
            "vpc_id": "vpc-018906cab60cf165b"
          },
          "sensitive_attributes": []
        }
      ]
    },
    {
      "mode": "data",
      "type": "aws_subnet",
      "name": "b",
      "provider": "provider[\"registry.terraform.io/hashicorp/aws\"]",
      "instances": [
        {
          "schema_version": 0,
          "attributes": {
            "arn": "arn:aws:ec2:ca-central-1:415928670738:subnet/subnet-0d0e52f2aabe9cd5d",
            "assign_ipv6_address_on_creation": false,
            "availability_zone": "ca-central-1b",
            "availability_zone_id": "cac1-az2",
            "available_ip_address_count": 4082,
            "cidr_block": "10.12.144.0/20",
            "customer_owned_ipv4_pool": "",
            "default_for_az": false,
            "enable_dns64": false,
            "enable_resource_name_dns_a_record_on_launch": false,
            "enable_resource_name_dns_aaaa_record_on_launch": false,
            "filter": [
              {
                "name": "tag:Name",
                "values": [
                  "Data_Dev_azb_net"
                ]
              }
            ],
            "id": "subnet-0d0e52f2aabe9cd5d",
            "ipv6_cidr_block": "",
            "ipv6_cidr_block_association_id": "",
            "ipv6_native": false,
            "map_customer_owned_ip_on_launch": false,
            "map_public_ip_on_launch": false,
            "outpost_arn": "",
            "owner_id": "415928670738",
            "private_dns_hostname_type_on_launch": "ip-name",
            "state": "available",
            "tags": {
              "Accelerator": "PBMM",
              "Name": "Data_Dev_azb_net"
            },
            "timeouts": null,
            "vpc_id": "vpc-018906cab60cf165b"
          },
          "sensitive_attributes": []
        }
      ]
    },
    {
      "mode": "data",
      "type": "aws_vpc",
      "name": "selected",
      "provider": "provider[\"registry.terraform.io/hashicorp/aws\"]",
      "instances": [
        {
          "schema_version": 0,
          "attributes": {
            "arn": "arn:aws:ec2:ca-central-1:415928670738:vpc/vpc-018906cab60cf165b",
            "cidr_block": "10.12.0.0/16",
            "cidr_block_associations": [
              {
                "association_id": "vpc-cidr-assoc-0563acff0920032a0",
                "cidr_block": "10.12.0.0/16",
                "state": "associated"
              }
            ],
            "default": false,
            "dhcp_options_id": "dopt-77a7911f",
            "enable_dns_hostnames": true,
            "enable_dns_support": true,
            "filter": null,
            "id": "vpc-018906cab60cf165b",
            "instance_tenancy": "default",
            "ipv6_association_id": "",
            "ipv6_cidr_block": "",
            "main_route_table_id": "rtb-0c1b1344ba706dbe4",
            "owner_id": "415928670738",
            "state": "available",
            "tags": {
              "Accelerator": "PBMM",
              "Name": "Dev_vpc"
            },
            "timeouts": null
          },
          "sensitive_attributes": []
        }
      ]
    },
    {
      "mode": "data",
      "type": "vault_generic_secret",
      "name": "dbsecrets_auth",
      "provider": "provider[\"registry.terraform.io/hashicorp/vault\"]",
      "instances": [
        {
          "schema_version": 0,
          "attributes": {
            "data": {
              "DefaultSchema": "Z04JyErrMo^4y9161kp^PCr29qtAp_y_",
              "DefaultSysAdmin": "4FMnZfXcwR3YilD#MIxWsTafPKlQfa0L"
            },
            "data_json": "{\"DefaultSchema\":\"Z04JyErrMo^4y9161kp^PCr29qtAp_y_\",\"DefaultSysAdmin\":\"4FMnZfXcwR3YilD#MIxWsTafPKlQfa0L\"}",
            "id": "aws/db_secrets",
            "lease_duration": 0,
            "lease_id": "",
            "lease_renewable": false,
            "lease_start_time": "RFC1111119",
            "path": "aws/db_secrets",
            "version": -1
          },
          "sensitive_attributes": []
        }
      ]
    },
    {
      "mode": "managed",
      "type": "random_password",
      "name": "awsdb",
      "provider": "provider[\"registry.terraform.io/hashicorp/random\"]",
      "instances": [
        {
          "index_key": 0,
          "schema_version": 2,
          "attributes": {
            "bcrypt_hash": "$2a$10$i/Y6pXTNWWSFFajZcV0aLOtFxPGia0lN6VUCgDmdxQRoJ8QxtcsJS",
            "id": "none",
            "keepers": null,
            "length": 32,
            "lower": true,
            "min_lower": 0,
            "min_numeric": 0,
            "min_special": 0,
            "min_upper": 0,
            "number": true,
            "numeric": true,
            "override_special": "#_^!%",
            "result": "m4sroL4Wj!I_TMqwg0BMdjrmnEZzp#im",
            "special": true,
            "upper": true
          },
          "sensitive_attributes": [],
          "private": "eyJzY2hlbWFfdmVyc2lvbiI6IjIifQ=="
        },
        {
          "index_key": 1,
          "schema_version": 2,
          "attributes": {
            "bcrypt_hash": "$2a$10$d.xRJIXUqX.scAbVwQ.Zxu8NwLrS9zRbqAoyeNqyH2OriisS6ezQa",
            "id": "none",
            "keepers": null,
            "length": 32,
            "lower": true,
            "min_lower": 0,
            "min_numeric": 0,
            "min_special": 0,
            "min_upper": 0,
            "number": true,
            "numeric": true,
            "override_special": "#_^!%",
            "result": "B#28^C8qWAoz0mXcrW8znxXFyVdGbjtm",
            "special": true,
            "upper": true
          },
          "sensitive_attributes": [],
          "private": "eyJzY2hlbWFfdmVyc2lvbiI6IjIifQ=="
        }
      ]
    },
    {
      "mode": "managed",
      "type": "vault_generic_secret",
      "name": "awssecrets",
      "provider": "provider[\"registry.terraform.io/hashicorp/vault\"]",
      "instances": [
        {
          "index_key": 0,
          "schema_version": 1,
          "attributes": {
            "allow_read": null,
            "data": {
              "DefaultSchema": "B#28^C8qWAoz0mXcrW8znxXFyVdGbjtm",
              "DefaultSysAdmin": "m4sroL4Wj!I_TMqwg0BMdjrmnEZzp#im"
            },
            "data_json": "{\"DefaultSchema\":\"B#28^C8qWAoz0mXcrW8znxXFyVdGbjtm\",\"DefaultSysAdmin\":\"m4sroL4Wj!I_TMqwg0BMdjrmnEZzp#im\"}",
            "disable_read": false,
            "id": "aws/db_secrets",
            "path": "aws/db_secrets"
          },
          "sensitive_attributes": [
            [
              {
                "type": "get_attr",
                "value": "data_json"
              }
            ]
          ],
          "private": "eyJzY2hlbWFfdmVyc2lvbiI6IjEifQ==",
          "dependencies": [
            "random_password.awsdb"
          ]
        },
        {
          "index_key": 1,
          "schema_version": 1,
          "attributes": {
            "allow_read": null,
            "data": {
              "DefaultSchema": "B#28^C8qWAoz0mXcrW8znxXFyVdGbjtm",
              "DefaultSysAdmin": "m4sroL4Wj!I_TMqwg0BMdjrmnEZzp#im"
            },
            "data_json": "{\"DefaultSchema\":\"B#28^C8qWAoz0mXcrW8znxXFyVdGbjtm\",\"DefaultSysAdmin\":\"m4sroL4Wj!I_TMqwg0BMdjrmnEZzp#im\"}",
            "disable_read": false,
            "id": "aws/db_secrets",
            "path": "aws/db_secrets"
          },
          "sensitive_attributes": [
            [
              {
                "type": "get_attr",
                "value": "data_json"
              }
            ]
          ],
          "private": "eyJzY2hlbWFfdmVyc2lvbiI6IjEifQ==",
          "dependencies": [
            "random_password.awsdb"
          ]
        }
      ]
    },
    {
      "module": "module.db",
      "mode": "data",
      "type": "aws_iam_policy_document",
      "name": "monitoring_rds_assume_role",
      "provider": "provider[\"registry.terraform.io/hashicorp/aws\"]",
      "instances": [
        {
          "schema_version": 0,
          "attributes": {
            "id": "1813475199",
            "json": "{\n  \"Version\": \"2012-10-17\",\n  \"Statement\": [\n    {\n      \"Sid\": \"\",\n      \"Effect\": \"Allow\",\n      \"Action\": \"sts:AssumeRole\",\n      \"Principal\": {\n        \"Service\": \"monitoring.rds.amazonaws.com\"\n      }\n    }\n  ]\n}",
            "override_json": null,
            "override_policy_documents": null,
            "policy_id": null,
            "source_json": null,
            "source_policy_documents": null,
            "statement": [
              {
                "actions": [
                  "sts:AssumeRole"
                ],
                "condition": [],
                "effect": "Allow",
                "not_actions": [],
                "not_principals": [],
                "not_resources": [],
                "principals": [
                  {
                    "identifiers": [
                      "monitoring.rds.amazonaws.com"
                    ],
                    "type": "Service"
                  }
                ],
                "resources": [],
                "sid": ""
              }
            ],
            "version": "2012-10-17"
          },
          "sensitive_attributes": []
        }
      ]
    },
    {
      "module": "module.db",
      "mode": "data",
      "type": "aws_partition",
      "name": "current",
      "provider": "provider[\"registry.terraform.io/hashicorp/aws\"]",
      "instances": [
        {
          "schema_version": 0,
          "attributes": {
            "dns_suffix": "amazonaws.com",
            "id": "aws",
            "partition": "aws",
            "reverse_dns_prefix": "com.amazonaws"
          },
          "sensitive_attributes": []
        }
      ]
    },
    {
      "module": "module.db",
      "mode": "managed",
      "type": "aws_db_subnet_group",
      "name": "this",
      "provider": "provider[\"registry.terraform.io/hashicorp/aws\"]",
      "instances": [
        {
          "index_key": 0,
          "schema_version": 0,
          "attributes": {
            "arn": "arn:aws:rds:ca-central-1:675958891276:subgrp:aurora-demodb-postgres",
            "description": "For Aurora cluster aurora-demodb-postgres",
            "id": "aurora-demodb-postgres",
            "name": "aurora-demodb-postgres",
            "name_prefix": null,
            "subnet_ids": [
              "subnet-0a663db91e3d61619",
              "subnet-0d0e52f2aabe9cd5d"
            ],
            "tags": {
              "Name": "aurora-aurora-demodb-postgres",
              "managed-by": "terraform"
            },
            "tags_all": {
              "Name": "aurora-aurora-demodb-postgres",
              "managed-by": "terraform"
            }
          },
          "sensitive_attributes": [],
          "private": "bnVsbA==",
          "dependencies": [
            "data.aws_subnet.a",
            "data.aws_subnet.b"
          ]
        }
      ]
    },
    {
      "module": "module.db",
      "mode": "managed",
      "type": "aws_rds_cluster",
      "name": "this",
      "provider": "provider[\"registry.terraform.io/hashicorp/aws\"]",
      "instances": [
        {
          "index_key": 0,
          "schema_version": 0,
          "attributes": {
            "allocated_storage": 1,
            "allow_major_version_upgrade": false,
            "apply_immediately": true,
            "arn": "arn:aws:rds:ca-central-1:675958891276:cluster:aurora-demodb-postgres",
            "availability_zones": [
              "ca-central-1a",
              "ca-central-1b",
              "ca-central-1d"
            ],
            "backtrack_window": 0,
            "backup_retention_period": 7,
            "cluster_identifier": "aurora-demodb-postgres",
            "cluster_identifier_prefix": null,
            "cluster_members": [],
            "cluster_resource_id": "cluster-MFHOHTJWHIG75KEBYPGPEWV4ZA",
            "copy_tags_to_snapshot": false,
            "database_name": "demodb",
            "db_cluster_instance_class": "",
            "db_cluster_parameter_group_name": "default.aurora-postgresql10",
            "db_instance_parameter_group_name": null,
            "db_subnet_group_name": "aurora-demodb-postgres",
            "deletion_protection": false,
            "enable_global_write_forwarding": false,
            "enable_http_endpoint": true,
            "enabled_cloudwatch_logs_exports": null,
            "endpoint": "aurora-demodb-postgres.cluster-cyfzjaogzmwm.ca-central-1.rds.amazonaws.com",
            "engine": "aurora-postgresql",
            "engine_mode": "serverless",
            "engine_version": "10.18",
            "engine_version_actual": "10.18",
            "final_snapshot_identifier": "final-aurora-demodb-postgres-0dbcebed",
            "global_cluster_identifier": "",
            "hosted_zone_id": "Z1JG78A3UK1DU3",
            "iam_database_authentication_enabled": false,
            "iam_roles": [],
            "id": "aurora-demodb-postgres",
            "iops": 0,
            "kms_key_id": "arn:aws:kms:ca-central-1:675958891276:key/d8addec5-c9f2-4bcc-9b97-b43b698a1ac7",
            "master_password": "4FMnZfXcwR3YilD#MIxWsTafPKlQfa0L",
            "master_username": "sysadmin",
            "port": 5432,
            "preferred_backup_window": "02:00-03:00",
            "preferred_maintenance_window": "sun:05:00-sun:06:00",
            "reader_endpoint": "",
            "replication_source_identifier": "",
            "restore_to_point_in_time": [],
            "s3_import": [],
            "scaling_configuration": [
              {
                "auto_pause": true,
                "max_capacity": 2,
                "min_capacity": 2,
                "seconds_until_auto_pause": 300,
                "timeout_action": "ForceApplyCapacityChange"
              }
            ],
            "serverlessv2_scaling_configuration": [],
            "skip_final_snapshot": false,
            "snapshot_identifier": null,
            "source_region": "",
            "storage_encrypted": true,
            "storage_type": "",
            "tags": {
              "managed-by": "terraform"
            },
            "tags_all": {
              "managed-by": "terraform"
            },
            "timeouts": null,
            "vpc_security_group_ids": [
              "sg-07ace3455251e58c0",
              "sg-09338fb7b598bd9a8"
            ]
          },
          "sensitive_attributes": [
            [
              {
                "type": "get_attr",
                "value": "master_password"
              }
            ],
            [
              {
                "type": "get_attr",
                "value": "master_username"
              }
            ]
          ],
          "private": "eyJlMmJmYjczMC1lY2FhLTExZTYtOGY4OC0zNDM2M2JjN2M0YzAiOnsiY3JlYXRlIjo3MjAwMDAwMDAwMDAwLCJkZWxldGUiOjcyMDAwMDAwMDAwMDAsInVwZGF0ZSI6NzIwMDAwMDAwMDAwMH19",
          "dependencies": [
            "data.aws_security_group.a",
            "data.aws_subnet.a",
            "data.aws_subnet.b",
            "data.aws_vpc.selected",
            "data.vault_generic_secret.dbsecrets_auth",
            "module.db.aws_db_subnet_group.this",
            "module.db.aws_security_group.this",
            "module.db.random_id.snapshot_identifier",
            "module.db.random_password.master_password"
          ]
        }
      ]
    },
    {
      "module": "module.db",
      "mode": "managed",
      "type": "aws_security_group",
      "name": "this",
      "provider": "provider[\"registry.terraform.io/hashicorp/aws\"]",
      "instances": [
        {
          "index_key": 0,
          "schema_version": 1,
          "attributes": {
            "arn": "arn:aws:ec2:ca-central-1:675958891276:security-group/sg-07ace3455251e58c0",
            "description": "Managed by Terraform",
            "egress": [],
            "id": "sg-07ace3455251e58c0",
            "ingress": [],
            "name": "aurora-demodb-postgres-20220826184223570200000001",
            "name_prefix": "aurora-demodb-postgres-",
            "owner_id": "675958891276",
            "revoke_rules_on_delete": false,
            "tags": {
              "Name": "aurora-aurora-demodb-postgres",
              "managed-by": "terraform"
            },
            "tags_all": {
              "Name": "aurora-aurora-demodb-postgres",
              "managed-by": "terraform"
            },
            "timeouts": null,
            "vpc_id": "vpc-018906cab60cf165b"
          },
          "sensitive_attributes": [],
          "private": "eyJlMmJmYjczMC1lY2FhLTExZTYtOGY4OC0zNDM2M2JjN2M0YzAiOnsiY3JlYXRlIjo2MDAwMDAwMDAwMDAsImRlbGV0ZSI6OTAwMDAwMDAwMDAwfSwic2NoZW1hX3ZlcnNpb24iOiIxIn0=",
          "dependencies": [
            "data.aws_vpc.selected"
          ]
        }
      ]
    },
    {
      "module": "module.db",
      "mode": "managed",
      "type": "aws_security_group_rule",
      "name": "default_ingress",
      "provider": "provider[\"registry.terraform.io/hashicorp/aws\"]",
      "instances": [
        {
          "index_key": 0,
          "schema_version": 2,
          "attributes": {
            "cidr_blocks": null,
            "description": "From allowed SGs",
            "from_port": 5432,
            "id": "sgrule-3563994305",
            "ipv6_cidr_blocks": null,
            "prefix_list_ids": null,
            "protocol": "tcp",
            "security_group_id": "sg-07ace3455251e58c0",
            "self": false,
            "source_security_group_id": "sg-09338fb7b598bd9a8",
            "timeouts": null,
            "to_port": 5432,
            "type": "ingress"
          },
          "sensitive_attributes": [],
          "private": "eyJlMmJmYjczMC1lY2FhLTExZTYtOGY4OC0zNDM2M2JjN2M0YzAiOnsiY3JlYXRlIjozMDAwMDAwMDAwMDB9LCJzY2hlbWFfdmVyc2lvbiI6IjIifQ==",
          "dependencies": [
            "data.aws_security_group.a",
            "data.aws_subnet.a",
            "data.aws_subnet.b",
            "data.aws_vpc.selected",
            "data.vault_generic_secret.dbsecrets_auth",
            "module.db.aws_db_subnet_group.this",
            "module.db.aws_rds_cluster.this",
            "module.db.aws_security_group.this",
            "module.db.random_id.snapshot_identifier",
            "module.db.random_password.master_password"
          ]
        }
      ]
    },
    {
      "module": "module.db",
      "mode": "managed",
      "type": "random_id",
      "name": "snapshot_identifier",
      "provider": "provider[\"registry.terraform.io/hashicorp/random\"]",
      "instances": [
        {
          "index_key": 0,
          "schema_version": 0,
          "attributes": {
            "b64_std": "Dbzr7Q==",
            "b64_url": "Dbzr7Q",
            "byte_length": 4,
            "dec": "230484973",
            "hex": "0dbcebed",
            "id": "Dbzr7Q",
            "keepers": {
              "id": "aurora-demodb-postgres"
            },
            "prefix": null
          },
          "sensitive_attributes": [],
          "private": "bnVsbA=="
        }
      ]
    }
  ]
}
